
Microsoft Visual Studio Solution File, Format Version 12.00
# Visual Studio Version 16
VisualStudioVersion = 16.0.34301.259
MinimumVisualStudioVersion = 10.0.40219.1
Project("{2150E333-8FDC-42A3-9474-1A3956D46DE8}") = "Task0", "Task0", "{9CA706F9-7D03-46B6-A248-E005A953A03E}"
EndProject
Project("{FAE04EC0-301F-11D3-BF4B-00C04F79EFBC}") = "Tyuiu.MusaevRS.Sprint5.Task0.V3", "Tyuiu.MusaevRS.Sprint5.Task0.V3\Tyuiu.MusaevRS.Sprint5.Task0.V3.csproj", "{AA0A6F8E-B14C-4F22-A508-4EA07932D0E5}"
EndProject
Project("{FAE04EC0-301F-11D3-BF4B-00C04F79EFBC}") = "Tyuiu.MusaevRS.Sprint5.Task0.V3.Test", "Tyuiu.MusaevRS.Sprint5.Task0.V3.Test\Tyuiu.MusaevRS.Sprint5.Task0.V3.Test.csproj", "{1386A2D4-B2CF-4264-B172-E2AE64093E38}"
EndProject
Project("{FAE04EC0-301F-11D3-BF4B-00C04F79EFBC}") = "Tyuiu.MusaevRS.Sprint5.Task0.V3.Lib", "Tyuiu.MusaevRS.Sprint5.Task0.V3.Lib\Tyuiu.MusaevRS.Sprint5.Task0.V3.Lib.csproj", "{91BBCE93-228E-4E64-8CF7-5681DCBC5464}"
EndProject
Project("{2150E333-8FDC-42A3-9474-1A3956D46DE8}") = "Task1", "Task1", "{65B41C9C-CCB9-468B-B135-92A0EC04D428}"
EndProject
Project("{FAE04EC0-301F-11D3-BF4B-00C04F79EFBC}") = "Tyuiu.MusaevRS.Sprint5.Task1.V8.Lib", "Tyuiu.MusaevRS.Sprint5.Task1.V8.Lib\Tyuiu.MusaevRS.Sprint5.Task1.V8.Lib.csproj", "{C00AE3D3-AECE-42F6-B27A-6BB756D478ED}"
EndProject
Project("{FAE04EC0-301F-11D3-BF4B-00C04F79EFBC}") = "Tyuiu.MusaevRS.Sprint5.Task1.V8.Test", "Tyuiu.MusaevRS.Sprint5.Task1.V8.Test\Tyuiu.MusaevRS.Sprint5.Task1.V8.Test.csproj", "{79811D87-F693-410B-A523-8652FC8EC7A7}"
EndProject
Project("{FAE04EC0-301F-11D3-BF4B-00C04F79EFBC}") = "Tyuiu.MusaevRS.Sprint5.Task1.V8", "Tyuiu.MusaevRS.Sprint5.Task1.V8\Tyuiu.MusaevRS.Sprint5.Task1.V8.csproj", "{EE2E9641-EDC2-4065-B30C-283276894A06}"
EndProject
Project("{FAE04EC0-301F-11D3-BF4B-00C04F79EFBC}") = "ConsoleApp1", "ConsoleApp1\ConsoleApp1.csproj", "{2EB10934-9B12-4AD9-B8A8-C95C43E88E41}"
EndProject
Project("{2150E333-8FDC-42A3-9474-1A3956D46DE8}") = "Task2", "Task2", "{AD981C1C-0E93-4067-8E27-B104907429A6}"
EndProject
Project("{FAE04EC0-301F-11D3-BF4B-00C04F79EFBC}") = "Tyuiu.MusaevRS.Sprint5.Task2.V25", "Tyuiu.MusaevRS.Sprint5.Task2.V25\Tyuiu.MusaevRS.Sprint5.Task2.V25.csproj", "{15114E3F-2CFF-427A-89ED-07B4DF7AAB0B}"
EndProject
Project("{FAE04EC0-301F-11D3-BF4B-00C04F79EFBC}") = "Tyuiu.MusaevRS.Sprint5.Task2.V25.Test", "Tyuiu.MusaevRS.Sprint5.Task2.V25.Test\Tyuiu.MusaevRS.Sprint5.Task2.V25.Test.csproj", "{016885D7-6F62-4307-839F-4B2AD26A929E}"
EndProject
Project("{FAE04EC0-301F-11D3-BF4B-00C04F79EFBC}") = "Tyuiu.MusaevRS.Sprint5.Task2.V25.Lib", "Tyuiu.MusaevRS.Sprint5.Task2.V25.Lib\Tyuiu.MusaevRS.Sprint5.Task2.V25.Lib.csproj", "{48F5082A-C176-4FAB-A7D8-AD5E49DDDC8F}"
EndProject
Project("{2150E333-8FDC-42A3-9474-1A3956D46DE8}") = "Task3", "Task3", "{0D5B7CB7-744F-47F7-BF92-D12DAA251EE2}"
EndProject
Project("{FAE04EC0-301F-11D3-BF4B-00C04F79EFBC}") = "Tyuiu.MusaevRS.Sprint5.Task3.V11.Lib", "Tyuiu.MusaevRS.Sprint5.Task3.V11.Lib\Tyuiu.MusaevRS.Sprint5.Task3.V11.Lib.csproj", "{518151C8-38CA-419C-B3D6-240F87FF207D}"
EndProject
Project("{FAE04EC0-301F-11D3-BF4B-00C04F79EFBC}") = "Tyuiu.MusaevRS.Sprint5.Task3.V11.Test", "Tyuiu.MusaevRS.Sprint5.Task3.V11.Test\Tyuiu.MusaevRS.Sprint5.Task3.V11.Test.csproj", "{B234FB94-FB16-4B27-AF5F-782D1111087B}"
EndProject
Project("{FAE04EC0-301F-11D3-BF4B-00C04F79EFBC}") = "Tyuiu.MusaevRS.Sprint5.Task3.V11", "Tyuiu.MusaevRS.Sprint5.Task3.V11\Tyuiu.MusaevRS.Sprint5.Task3.V11.csproj", "{C8AC9748-6A77-4DC3-B5A8-D18712AE5961}"
EndProject
Project("{2150E333-8FDC-42A3-9474-1A3956D46DE8}") = "Task4", "Task4", "{36F5CCA6-A4F1-403D-A4B8-9A6DC6F6BC89}"
EndProject
Project("{FAE04EC0-301F-11D3-BF4B-00C04F79EFBC}") = "Tyuiu.MusaevRS.Sprint5.Task4.V12", "Tyuiu.MusaevRS.Sprint5.Task4.V12\Tyuiu.MusaevRS.Sprint5.Task4.V12.csproj", "{F90323CD-3D84-484A-9D05-C9E6644EB05B}"
EndProject
Project("{FAE04EC0-301F-11D3-BF4B-00C04F79EFBC}") = "Tyuiu.MusaevRS.Sprint5.Task4.V12.Test", "Tyuiu.MusaevRS.Sprint5.Task4.V12.Test\Tyuiu.MusaevRS.Sprint5.Task4.V12.Test.csproj", "{1201BA29-4E66-4CF2-8164-698BA216357F}"
EndProject
Project("{FAE04EC0-301F-11D3-BF4B-00C04F79EFBC}") = "Tyuiu.MusaevRS.Sprint5.Task4.V12.Lib", "Tyuiu.MusaevRS.Sprint5.Task4.V12.Lib\Tyuiu.MusaevRS.Sprint5.Task4.V12.Lib.csproj", "{26CEB5A2-9DD9-4123-A833-28AA76DA8B9B}"
EndProject
Project("{2150E333-8FDC-42A3-9474-1A3956D46DE8}") = "Task5", "Task5", "{4F33C327-E288-47FA-936F-DABC203BFD6C}"
EndProject
Project("{FAE04EC0-301F-11D3-BF4B-00C04F79EFBC}") = "Tyuiu.MusaevRS.Sprint5.Task5.V16.Test", "Tyuiu.MusaevRS.Sprint5.Task5.V16.Test\Tyuiu.MusaevRS.Sprint5.Task5.V16.Test.csproj", "{1D7F724B-B191-44F7-A282-88D1C5A4B3A6}"
EndProject
Project("{FAE04EC0-301F-11D3-BF4B-00C04F79EFBC}") = "Tyuiu.MusaevRS.Sprint5.Task5.V16.Lib", "Tyuiu.MusaevRS.Sprint5.Task5.V16.Lib\Tyuiu.MusaevRS.Sprint5.Task5.V16.Lib.csproj", "{B97E3A48-7DD4-4D1C-8ECD-849DBF66A88D}"
EndProject
Project("{FAE04EC0-301F-11D3-BF4B-00C04F79EFBC}") = "Tyuiu.MusaevRS.Sprint5.Task5.V16", "Tyuiu.MusaevRS.Sprint5.Task5.V16\Tyuiu.MusaevRS.Sprint5.Task5.V16.csproj", "{E332B0AD-D6C8-4C62-BCFD-316C9F6D9BF9}"
EndProject
Global
	GlobalSection(SolutionConfigurationPlatforms) = preSolution
		Debug|Any CPU = Debug|Any CPU
		Release|Any CPU = Release|Any CPU
	EndGlobalSection
	GlobalSection(ProjectConfigurationPlatforms) = postSolution
		{AA0A6F8E-B14C-4F22-A508-4EA07932D0E5}.Debug|Any CPU.ActiveCfg = Debug|Any CPU
		{AA0A6F8E-B14C-4F22-A508-4EA07932D0E5}.Debug|Any CPU.Build.0 = Debug|Any CPU
		{AA0A6F8E-B14C-4F22-A508-4EA07932D0E5}.Release|Any CPU.ActiveCfg = Release|Any CPU
		{AA0A6F8E-B14C-4F22-A508-4EA07932D0E5}.Release|Any CPU.Build.0 = Release|Any CPU
		{1386A2D4-B2CF-4264-B172-E2AE64093E38}.Debug|Any CPU.ActiveCfg = Debug|Any CPU
		{1386A2D4-B2CF-4264-B172-E2AE64093E38}.Debug|Any CPU.Build.0 = Debug|Any CPU
		{1386A2D4-B2CF-4264-B172-E2AE64093E38}.Release|Any CPU.ActiveCfg = Release|Any CPU
		{1386A2D4-B2CF-4264-B172-E2AE64093E38}.Release|Any CPU.Build.0 = Release|Any CPU
		{91BBCE93-228E-4E64-8CF7-5681DCBC5464}.Debug|Any CPU.ActiveCfg = Debug|Any CPU
		{91BBCE93-228E-4E64-8CF7-5681DCBC5464}.Debug|Any CPU.Build.0 = Debug|Any CPU
		{91BBCE93-228E-4E64-8CF7-5681DCBC5464}.Release|Any CPU.ActiveCfg = Release|Any CPU
		{91BBCE93-228E-4E64-8CF7-5681DCBC5464}.Release|Any CPU.Build.0 = Release|Any CPU
		{C00AE3D3-AECE-42F6-B27A-6BB756D478ED}.Debug|Any CPU.ActiveCfg = Debug|Any CPU
		{C00AE3D3-AECE-42F6-B27A-6BB756D478ED}.Debug|Any CPU.Build.0 = Debug|Any CPU
		{C00AE3D3-AECE-42F6-B27A-6BB756D478ED}.Release|Any CPU.ActiveCfg = Release|Any CPU
		{C00AE3D3-AECE-42F6-B27A-6BB756D478ED}.Release|Any CPU.Build.0 = Release|Any CPU
		{79811D87-F693-410B-A523-8652FC8EC7A7}.Debug|Any CPU.ActiveCfg = Debug|Any CPU
		{79811D87-F693-410B-A523-8652FC8EC7A7}.Debug|Any CPU.Build.0 = Debug|Any CPU
		{79811D87-F693-410B-A523-8652FC8EC7A7}.Release|Any CPU.ActiveCfg = Release|Any CPU
		{79811D87-F693-410B-A523-8652FC8EC7A7}.Release|Any CPU.Build.0 = Release|Any CPU
		{EE2E9641-EDC2-4065-B30C-283276894A06}.Debug|Any CPU.ActiveCfg = Debug|Any CPU
		{EE2E9641-EDC2-4065-B30C-283276894A06}.Debug|Any CPU.Build.0 = Debug|Any CPU
		{EE2E9641-EDC2-4065-B30C-283276894A06}.Release|Any CPU.ActiveCfg = Release|Any CPU
		{EE2E9641-EDC2-4065-B30C-283276894A06}.Release|Any CPU.Build.0 = Release|Any CPU
		{2EB10934-9B12-4AD9-B8A8-C95C43E88E41}.Debug|Any CPU.ActiveCfg = Debug|Any CPU
		{2EB10934-9B12-4AD9-B8A8-C95C43E88E41}.Debug|Any CPU.Build.0 = Debug|Any CPU
		{2EB10934-9B12-4AD9-B8A8-C95C43E88E41}.Release|Any CPU.ActiveCfg = Release|Any CPU
		{2EB10934-9B12-4AD9-B8A8-C95C43E88E41}.Release|Any CPU.Build.0 = Release|Any CPU
		{15114E3F-2CFF-427A-89ED-07B4DF7AAB0B}.Debug|Any CPU.ActiveCfg = Debug|Any CPU
		{15114E3F-2CFF-427A-89ED-07B4DF7AAB0B}.Debug|Any CPU.Build.0 = Debug|Any CPU
		{15114E3F-2CFF-427A-89ED-07B4DF7AAB0B}.Release|Any CPU.ActiveCfg = Release|Any CPU
		{15114E3F-2CFF-427A-89ED-07B4DF7AAB0B}.Release|Any CPU.Build.0 = Release|Any CPU
		{016885D7-6F62-4307-839F-4B2AD26A929E}.Debug|Any CPU.ActiveCfg = Debug|Any CPU
		{016885D7-6F62-4307-839F-4B2AD26A929E}.Debug|Any CPU.Build.0 = Debug|Any CPU
		{016885D7-6F62-4307-839F-4B2AD26A929E}.Release|Any CPU.ActiveCfg = Release|Any CPU
		{016885D7-6F62-4307-839F-4B2AD26A929E}.Release|Any CPU.Build.0 = Release|Any CPU
		{48F5082A-C176-4FAB-A7D8-AD5E49DDDC8F}.Debug|Any CPU.ActiveCfg = Debug|Any CPU
		{48F5082A-C176-4FAB-A7D8-AD5E49DDDC8F}.Debug|Any CPU.Build.0 = Debug|Any CPU
		{48F5082A-C176-4FAB-A7D8-AD5E49DDDC8F}.Release|Any CPU.ActiveCfg = Release|Any CPU
		{48F5082A-C176-4FAB-A7D8-AD5E49DDDC8F}.Release|Any CPU.Build.0 = Release|Any CPU
		{518151C8-38CA-419C-B3D6-240F87FF207D}.Debug|Any CPU.ActiveCfg = Debug|Any CPU
		{518151C8-38CA-419C-B3D6-240F87FF207D}.Debug|Any CPU.Build.0 = Debug|Any CPU
		{518151C8-38CA-419C-B3D6-240F87FF207D}.Release|Any CPU.ActiveCfg = Release|Any CPU
		{518151C8-38CA-419C-B3D6-240F87FF207D}.Release|Any CPU.Build.0 = Release|Any CPU
		{B234FB94-FB16-4B27-AF5F-782D1111087B}.Debug|Any CPU.ActiveCfg = Debug|Any CPU
		{B234FB94-FB16-4B27-AF5F-782D1111087B}.Debug|Any CPU.Build.0 = Debug|Any CPU
		{B234FB94-FB16-4B27-AF5F-782D1111087B}.Release|Any CPU.ActiveCfg = Release|Any CPU
		{B234FB94-FB16-4B27-AF5F-782D1111087B}.Release|Any CPU.Build.0 = Release|Any CPU
		{C8AC9748-6A77-4DC3-B5A8-D18712AE5961}.Debug|Any CPU.ActiveCfg = Debug|Any CPU
		{C8AC9748-6A77-4DC3-B5A8-D18712AE5961}.Debug|Any CPU.Build.0 = Debug|Any CPU
		{C8AC9748-6A77-4DC3-B5A8-D18712AE5961}.Release|Any CPU.ActiveCfg = Release|Any CPU
		{C8AC9748-6A77-4DC3-B5A8-D18712AE5961}.Release|Any CPU.Build.0 = Release|Any CPU
		{F90323CD-3D84-484A-9D05-C9E6644EB05B}.Debug|Any CPU.ActiveCfg = Debug|Any CPU
		{F90323CD-3D84-484A-9D05-C9E6644EB05B}.Debug|Any CPU.Build.0 = Debug|Any CPU
		{F90323CD-3D84-484A-9D05-C9E6644EB05B}.Release|Any CPU.ActiveCfg = Release|Any CPU
		{F90323CD-3D84-484A-9D05-C9E6644EB05B}.Release|Any CPU.Build.0 = Release|Any CPU
		{1201BA29-4E66-4CF2-8164-698BA216357F}.Debug|Any CPU.ActiveCfg = Debug|Any CPU
		{1201BA29-4E66-4CF2-8164-698BA216357F}.Debug|Any CPU.Build.0 = Debug|Any CPU
		{1201BA29-4E66-4CF2-8164-698BA216357F}.Release|Any CPU.ActiveCfg = Release|Any CPU
		{1201BA29-4E66-4CF2-8164-698BA216357F}.Release|Any CPU.Build.0 = Release|Any CPU
		{26CEB5A2-9DD9-4123-A833-28AA76DA8B9B}.Debug|Any CPU.ActiveCfg = Debug|Any CPU
		{26CEB5A2-9DD9-4123-A833-28AA76DA8B9B}.Debug|Any CPU.Build.0 = Debug|Any CPU
		{26CEB5A2-9DD9-4123-A833-28AA76DA8B9B}.Release|Any CPU.ActiveCfg = Release|Any CPU
		{26CEB5A2-9DD9-4123-A833-28AA76DA8B9B}.Release|Any CPU.Build.0 = Release|Any CPU
		{1D7F724B-B191-44F7-A282-88D1C5A4B3A6}.Debug|Any CPU.ActiveCfg = Debug|Any CPU
		{1D7F724B-B191-44F7-A282-88D1C5A4B3A6}.Debug|Any CPU.Build.0 = Debug|Any CPU
		{1D7F724B-B191-44F7-A282-88D1C5A4B3A6}.Release|Any CPU.ActiveCfg = Release|Any CPU
		{1D7F724B-B191-44F7-A282-88D1C5A4B3A6}.Release|Any CPU.Build.0 = Release|Any CPU
		{B97E3A48-7DD4-4D1C-8ECD-849DBF66A88D}.Debug|Any CPU.ActiveCfg = Debug|Any CPU
		{B97E3A48-7DD4-4D1C-8ECD-849DBF66A88D}.Debug|Any CPU.Build.0 = Debug|Any CPU
		{B97E3A48-7DD4-4D1C-8ECD-849DBF66A88D}.Release|Any CPU.ActiveCfg = Release|Any CPU
		{B97E3A48-7DD4-4D1C-8ECD-849DBF66A88D}.Release|Any CPU.Build.0 = Release|Any CPU
		{E332B0AD-D6C8-4C62-BCFD-316C9F6D9BF9}.Debug|Any CPU.ActiveCfg = Debug|Any CPU
		{E332B0AD-D6C8-4C62-BCFD-316C9F6D9BF9}.Debug|Any CPU.Build.0 = Debug|Any CPU
		{E332B0AD-D6C8-4C62-BCFD-316C9F6D9BF9}.Release|Any CPU.ActiveCfg = Release|Any CPU
		{E332B0AD-D6C8-4C62-BCFD-316C9F6D9BF9}.Release|Any CPU.Build.0 = Release|Any CPU
	EndGlobalSection
	GlobalSection(SolutionProperties) = preSolution
		HideSolutionNode = FALSE
	EndGlobalSection
	GlobalSection(NestedProjects) = preSolution
		{AA0A6F8E-B14C-4F22-A508-4EA07932D0E5} = {9CA706F9-7D03-46B6-A248-E005A953A03E}
		{1386A2D4-B2CF-4264-B172-E2AE64093E38} = {9CA706F9-7D03-46B6-A248-E005A953A03E}
		{91BBCE93-228E-4E64-8CF7-5681DCBC5464} = {9CA706F9-7D03-46B6-A248-E005A953A03E}
		{C00AE3D3-AECE-42F6-B27A-6BB756D478ED} = {65B41C9C-CCB9-468B-B135-92A0EC04D428}
		{79811D87-F693-410B-A523-8652FC8EC7A7} = {65B41C9C-CCB9-468B-B135-92A0EC04D428}
		{EE2E9641-EDC2-4065-B30C-283276894A06} = {65B41C9C-CCB9-468B-B135-92A0EC04D428}
		{15114E3F-2CFF-427A-89ED-07B4DF7AAB0B} = {AD981C1C-0E93-4067-8E27-B104907429A6}
		{016885D7-6F62-4307-839F-4B2AD26A929E} = {AD981C1C-0E93-4067-8E27-B104907429A6}
		{48F5082A-C176-4FAB-A7D8-AD5E49DDDC8F} = {AD981C1C-0E93-4067-8E27-B104907429A6}
		{518151C8-38CA-419C-B3D6-240F87FF207D} = {0D5B7CB7-744F-47F7-BF92-D12DAA251EE2}
		{B234FB94-FB16-4B27-AF5F-782D1111087B} = {0D5B7CB7-744F-47F7-BF92-D12DAA251EE2}
		{C8AC9748-6A77-4DC3-B5A8-D18712AE5961} = {0D5B7CB7-744F-47F7-BF92-D12DAA251EE2}
		{F90323CD-3D84-484A-9D05-C9E6644EB05B} = {36F5CCA6-A4F1-403D-A4B8-9A6DC6F6BC89}
		{1201BA29-4E66-4CF2-8164-698BA216357F} = {36F5CCA6-A4F1-403D-A4B8-9A6DC6F6BC89}
		{26CEB5A2-9DD9-4123-A833-28AA76DA8B9B} = {36F5CCA6-A4F1-403D-A4B8-9A6DC6F6BC89}
		{1D7F724B-B191-44F7-A282-88D1C5A4B3A6} = {4F33C327-E288-47FA-936F-DABC203BFD6C}
		{B97E3A48-7DD4-4D1C-8ECD-849DBF66A88D} = {4F33C327-E288-47FA-936F-DABC203BFD6C}
		{E332B0AD-D6C8-4C62-BCFD-316C9F6D9BF9} = {4F33C327-E288-47FA-936F-DABC203BFD6C}
	EndGlobalSection
	GlobalSection(ExtensibilityGlobals) = postSolution
		SolutionGuid = {943E9D1D-9522-447C-A996-096C128C795E}
	EndGlobalSection
EndGlobal
